{
  "name": "savetowin",
  "lockfileVersion": 3,
  "requires": true,
  "packages": {
    "": {
      "name": "savetowin",
      "workspaces": [
        "shared",
        "server",
        "web"
      ]
    },
    "node_modules/@savetowin/server": {
      "resolved": "server",
      "link": true
    },
    "node_modules/@savetowin/shared": {
      "resolved": "shared",
      "link": true
    },
    "node_modules/@savetowin/web": {
      "resolved": "web",
      "link": true
    },
    "server": {
      "name": "@savetowin/server",
      "version": "0.0.0"
    },
    "shared": {
      "name": "@savetowin/shared",
      "version": "0.0.0"
    },
    "web": {
      "name": "@savetowin/web",
      "version": "0.0.0"
    }
  }
}
